<Solution>
  <Folder Name="/Solution Items/">
    <File Path=".editorconfig" />
  </Folder>
  <Project Path="MAFConsole/MAFConsole.csproj" />
  <Project Path="MAFHost06_AzureFunctions/MAFHost06_AzureFunctions.csproj" />
  <Project Path="MAFHost06_AspNetCore/MAFHost06_AspNetCore.csproj" />
  <Project Path="SharedConfig/SharedConfig.csproj" />
</Solution>
