
Microsoft Visual Studio Solution File, Format Version 12.00
# Visual Studio Version 18
VisualStudioVersion = 18.1.11312.151
MinimumVisualStudioVersion = 10.0.40219.1
Project("{FAE04EC0-301F-11D3-BF4B-00C04F79EFBC}") = "TodoApp.Domain", "TodoApp.Domain\TodoApp.Domain.csproj", "{D0E6889A-4DE1-4575-EAA6-1D17E439EC7D}"
EndProject
Project("{FAE04EC0-301F-11D3-BF4B-00C04F79EFBC}") = "TodoApp.Application", "TodoApp.Application\TodoApp.Application.csproj", "{4FC2D6F8-B95D-6230-CCCF-08B0750ABA36}"
EndProject
Project("{FAE04EC0-301F-11D3-BF4B-00C04F79EFBC}") = "TodoApp.Console", "TodoApp.Console\TodoApp.Console.csproj", "{83E670E9-8F3D-48CB-9DB9-19CD0EFF10FA}"
EndProject
Global
	GlobalSection(SolutionConfigurationPlatforms) = preSolution
		Debug|Any CPU = Debug|Any CPU
		Debug|x64 = Debug|x64
		Debug|x86 = Debug|x86
		Release|Any CPU = Release|Any CPU
		Release|x64 = Release|x64
		Release|x86 = Release|x86
	EndGlobalSection
	GlobalSection(ProjectConfigurationPlatforms) = postSolution
		{D0E6889A-4DE1-4575-EAA6-1D17E439EC7D}.Debug|Any CPU.ActiveCfg = Debug|Any CPU
		{D0E6889A-4DE1-4575-EAA6-1D17E439EC7D}.Debug|Any CPU.Build.0 = Debug|Any CPU
		{D0E6889A-4DE1-4575-EAA6-1D17E439EC7D}.Debug|x64.ActiveCfg = Debug|Any CPU
		{D0E6889A-4DE1-4575-EAA6-1D17E439EC7D}.Debug|x64.Build.0 = Debug|Any CPU
		{D0E6889A-4DE1-4575-EAA6-1D17E439EC7D}.Debug|x86.ActiveCfg = Debug|Any CPU
		{D0E6889A-4DE1-4575-EAA6-1D17E439EC7D}.Debug|x86.Build.0 = Debug|Any CPU
		{D0E6889A-4DE1-4575-EAA6-1D17E439EC7D}.Release|Any CPU.ActiveCfg = Release|Any CPU
		{D0E6889A-4DE1-4575-EAA6-1D17E439EC7D}.Release|Any CPU.Build.0 = Release|Any CPU
		{D0E6889A-4DE1-4575-EAA6-1D17E439EC7D}.Release|x64.ActiveCfg = Release|Any CPU
		{D0E6889A-4DE1-4575-EAA6-1D17E439EC7D}.Release|x64.Build.0 = Release|Any CPU
		{D0E6889A-4DE1-4575-EAA6-1D17E439EC7D}.Release|x86.ActiveCfg = Release|Any CPU
		{D0E6889A-4DE1-4575-EAA6-1D17E439EC7D}.Release|x86.Build.0 = Release|Any CPU
		{4FC2D6F8-B95D-6230-CCCF-08B0750ABA36}.Debug|Any CPU.ActiveCfg = Debug|Any CPU
		{4FC2D6F8-B95D-6230-CCCF-08B0750ABA36}.Debug|Any CPU.Build.0 = Debug|Any CPU
		{4FC2D6F8-B95D-6230-CCCF-08B0750ABA36}.Debug|x64.ActiveCfg = Debug|Any CPU
		{4FC2D6F8-B95D-6230-CCCF-08B0750ABA36}.Debug|x64.Build.0 = Debug|Any CPU
		{4FC2D6F8-B95D-6230-CCCF-08B0750ABA36}.Debug|x86.ActiveCfg = Debug|Any CPU
		{4FC2D6F8-B95D-6230-CCCF-08B0750ABA36}.Debug|x86.Build.0 = Debug|Any CPU
		{4FC2D6F8-B95D-6230-CCCF-08B0750ABA36}.Release|Any CPU.ActiveCfg = Release|Any CPU
		{4FC2D6F8-B95D-6230-CCCF-08B0750ABA36}.Release|Any CPU.Build.0 = Release|Any CPU
		{4FC2D6F8-B95D-6230-CCCF-08B0750ABA36}.Release|x64.ActiveCfg = Release|Any CPU
		{4FC2D6F8-B95D-6230-CCCF-08B0750ABA36}.Release|x64.Build.0 = Release|Any CPU
		{4FC2D6F8-B95D-6230-CCCF-08B0750ABA36}.Release|x86.ActiveCfg = Release|Any CPU
		{4FC2D6F8-B95D-6230-CCCF-08B0750ABA36}.Release|x86.Build.0 = Release|Any CPU
		{83E670E9-8F3D-48CB-9DB9-19CD0EFF10FA}.Debug|Any CPU.ActiveCfg = Debug|Any CPU
		{83E670E9-8F3D-48CB-9DB9-19CD0EFF10FA}.Debug|Any CPU.Build.0 = Debug|Any CPU
		{83E670E9-8F3D-48CB-9DB9-19CD0EFF10FA}.Debug|x64.ActiveCfg = Debug|Any CPU
		{83E670E9-8F3D-48CB-9DB9-19CD0EFF10FA}.Debug|x64.Build.0 = Debug|Any CPU
		{83E670E9-8F3D-48CB-9DB9-19CD0EFF10FA}.Debug|x86.ActiveCfg = Debug|Any CPU
		{83E670E9-8F3D-48CB-9DB9-19CD0EFF10FA}.Debug|x86.Build.0 = Debug|Any CPU
		{83E670E9-8F3D-48CB-9DB9-19CD0EFF10FA}.Release|Any CPU.ActiveCfg = Release|Any CPU
		{83E670E9-8F3D-48CB-9DB9-19CD0EFF10FA}.Release|Any CPU.Build.0 = Release|Any CPU
		{83E670E9-8F3D-48CB-9DB9-19CD0EFF10FA}.Release|x64.ActiveCfg = Release|Any CPU
		{83E670E9-8F3D-48CB-9DB9-19CD0EFF10FA}.Release|x64.Build.0 = Release|Any CPU
		{83E670E9-8F3D-48CB-9DB9-19CD0EFF10FA}.Release|x86.ActiveCfg = Release|Any CPU
		{83E670E9-8F3D-48CB-9DB9-19CD0EFF10FA}.Release|x86.Build.0 = Release|Any CPU
	EndGlobalSection
	GlobalSection(SolutionProperties) = preSolution
		HideSolutionNode = FALSE
	EndGlobalSection
	GlobalSection(ExtensibilityGlobals) = postSolution
		SolutionGuid = {2970AFA7-C8AF-4A6C-A5AE-B27F9AC9C62B}
	EndGlobalSection
EndGlobal
