
Microsoft Visual Studio Solution File, Format Version 12.00
# Visual Studio Version 18
VisualStudioVersion = 18.1.11312.151 d18.0
MinimumVisualStudioVersion = 10.0.40219.1
Project("{FAE04EC0-301F-11D3-BF4B-00C04F79EFBC}") = "Test.Domain", "Test.Domain\Test.Domain.csproj", "{982321B7-27C5-E7A8-DC36-526B8F40C71C}"
EndProject
Global
	GlobalSection(SolutionConfigurationPlatforms) = preSolution
		Debug|Any CPU = Debug|Any CPU
		Release|Any CPU = Release|Any CPU
	EndGlobalSection
	GlobalSection(ProjectConfigurationPlatforms) = postSolution
		{982321B7-27C5-E7A8-DC36-526B8F40C71C}.Debug|Any CPU.ActiveCfg = Debug|Any CPU
		{982321B7-27C5-E7A8-DC36-526B8F40C71C}.Debug|Any CPU.Build.0 = Debug|Any CPU
		{982321B7-27C5-E7A8-DC36-526B8F40C71C}.Release|Any CPU.ActiveCfg = Release|Any CPU
		{982321B7-27C5-E7A8-DC36-526B8F40C71C}.Release|Any CPU.Build.0 = Release|Any CPU
	EndGlobalSection
	GlobalSection(SolutionProperties) = preSolution
		HideSolutionNode = FALSE
	EndGlobalSection
	GlobalSection(ExtensibilityGlobals) = postSolution
		SolutionGuid = {17EDAE50-FDC7-4160-9B61-050BF1B2B4F2}
	EndGlobalSection
EndGlobal
