
Microsoft Visual Studio Solution File, Format Version 12.00
# Visual Studio Version 17
VisualStudioVersion = 17.14.36623.8
MinimumVisualStudioVersion = 10.0.40219.1
Project("{FAE04EC0-301F-11D3-BF4B-00C04F79EFBC}") = "MauiStudyApp", "MauiStudyApp\MauiStudyApp\MauiStudyApp.csproj", "{3F7BB89F-8ADA-4154-A2AC-EC4F02B8B464}"
EndProject
Project("{FAE04EC0-301F-11D3-BF4B-00C04F79EFBC}") = "MauiStudyApp.Domain", "MauiStudyApp\MauiStudyApp.Domain\MauiStudyApp.Domain.csproj", "{0D24DDB0-0DF7-4301-B7EA-D4997EE747AC}"
EndProject
Project("{FAE04EC0-301F-11D3-BF4B-00C04F79EFBC}") = "MauiStudyApp.Infrastructure", "MauiStudyApp\MauiStudyApp.Infrastructure\MauiStudyApp.Infrastructure.csproj", "{92FA40AE-26DF-416C-BD9E-471DF28723B0}"
EndProject
Global
	GlobalSection(SolutionConfigurationPlatforms) = preSolution
		Debug|Any CPU = Debug|Any CPU
		Release|Any CPU = Release|Any CPU
	EndGlobalSection
	GlobalSection(ProjectConfigurationPlatforms) = postSolution
		{3F7BB89F-8ADA-4154-A2AC-EC4F02B8B464}.Debug|Any CPU.ActiveCfg = Debug|Any CPU
		{3F7BB89F-8ADA-4154-A2AC-EC4F02B8B464}.Debug|Any CPU.Build.0 = Debug|Any CPU
		{3F7BB89F-8ADA-4154-A2AC-EC4F02B8B464}.Debug|Any CPU.Deploy.0 = Debug|Any CPU
		{3F7BB89F-8ADA-4154-A2AC-EC4F02B8B464}.Release|Any CPU.ActiveCfg = Release|Any CPU
		{3F7BB89F-8ADA-4154-A2AC-EC4F02B8B464}.Release|Any CPU.Build.0 = Release|Any CPU
		{3F7BB89F-8ADA-4154-A2AC-EC4F02B8B464}.Release|Any CPU.Deploy.0 = Release|Any CPU
		{0D24DDB0-0DF7-4301-B7EA-D4997EE747AC}.Debug|Any CPU.ActiveCfg = Debug|Any CPU
		{0D24DDB0-0DF7-4301-B7EA-D4997EE747AC}.Debug|Any CPU.Build.0 = Debug|Any CPU
		{0D24DDB0-0DF7-4301-B7EA-D4997EE747AC}.Release|Any CPU.ActiveCfg = Release|Any CPU
		{0D24DDB0-0DF7-4301-B7EA-D4997EE747AC}.Release|Any CPU.Build.0 = Release|Any CPU
		{92FA40AE-26DF-416C-BD9E-471DF28723B0}.Debug|Any CPU.ActiveCfg = Debug|Any CPU
		{92FA40AE-26DF-416C-BD9E-471DF28723B0}.Debug|Any CPU.Build.0 = Debug|Any CPU
		{92FA40AE-26DF-416C-BD9E-471DF28723B0}.Release|Any CPU.ActiveCfg = Release|Any CPU
		{92FA40AE-26DF-416C-BD9E-471DF28723B0}.Release|Any CPU.Build.0 = Release|Any CPU
	EndGlobalSection
	GlobalSection(SolutionProperties) = preSolution
		HideSolutionNode = FALSE
	EndGlobalSection
	GlobalSection(ExtensibilityGlobals) = postSolution
		SolutionGuid = {8168DDE3-59E4-4DE4-BA29-02B0D5718C9F}
	EndGlobalSection
EndGlobal
